
Microsoft Visual Studio Solution File, Format Version 12.00
# Visual Studio Version 17
VisualStudioVersion = 17.11.35327.3
MinimumVisualStudioVersion = 10.0.40219.1
Project("{C9674DCB-5085-4A16-B785-4C70DD1589BD}") = "Nhom14_ETL", "Nhom14_ETL.dtproj", "{B6480E3E-B737-48D9-A3D7-2239FFF2098A}"
EndProject
Global
	GlobalSection(SolutionConfigurationPlatforms) = preSolution
		Development|Default = Development|Default
	EndGlobalSection
	GlobalSection(ProjectConfigurationPlatforms) = postSolution
		{B6480E3E-B737-48D9-A3D7-2239FFF2098A}.Development|Default.ActiveCfg = Development
		{B6480E3E-B737-48D9-A3D7-2239FFF2098A}.Development|Default.Build.0 = Development
	EndGlobalSection
	GlobalSection(SolutionProperties) = preSolution
		HideSolutionNode = FALSE
	EndGlobalSection
	GlobalSection(ExtensibilityGlobals) = postSolution
		SolutionGuid = {756B608F-57AF-455A-A2D0-EACDA10916DC}
	EndGlobalSection
EndGlobal
